{
  "requires": true,
  "lockfileVersion": 1,
  "dependencies": {
    "g": {
      "version": "2.0.1",
      "resolved": "https://registry.npmjs.org/g/-/g-2.0.1.tgz",
      "integrity": "sha1-C1lj69DKcOO8jGdmk0oCGCHIuFc="
    },
    "rxjs-compat": {
      "version": "6.6.3",
      "resolved": "https://registry.npmjs.org/rxjs-compat/-/rxjs-compat-6.6.3.tgz",
      "integrity": "sha512-y+wUqq7bS2dG+7rH2fNMoxsDiJ32RQzFxZQE/JdtpnmEZmwLQrb1tCiItyHxdXJHXjmHnnzFscn3b6PEmORGKw=="
    }
  }
}
